
Microsoft Visual Studio Solution File, Format Version 12.00
# Visual Studio Version 17
VisualStudioVersion = 17.4.33213.308
MinimumVisualStudioVersion = 10.0.40219.1
Project("{FAE04EC0-301F-11D3-BF4B-00C04F79EFBC}") = "ocr", "ocr\ocr.csproj", "{154531BA-7769-47D3-A1D4-337D200045E1}"
EndProject
Global
	GlobalSection(SolutionConfigurationPlatforms) = preSolution
		Debug|Any CPU = Debug|Any CPU
		Release|Any CPU = Release|Any CPU
	EndGlobalSection
	GlobalSection(ProjectConfigurationPlatforms) = postSolution
		{154531BA-7769-47D3-A1D4-337D200045E1}.Debug|Any CPU.ActiveCfg = Debug|Any CPU
		{154531BA-7769-47D3-A1D4-337D200045E1}.Debug|Any CPU.Build.0 = Debug|Any CPU
		{154531BA-7769-47D3-A1D4-337D200045E1}.Release|Any CPU.ActiveCfg = Release|Any CPU
		{154531BA-7769-47D3-A1D4-337D200045E1}.Release|Any CPU.Build.0 = Release|Any CPU
	EndGlobalSection
	GlobalSection(SolutionProperties) = preSolution
		HideSolutionNode = FALSE
	EndGlobalSection
	GlobalSection(ExtensibilityGlobals) = postSolution
		SolutionGuid = {997F2E28-401D-4DAB-9582-F63D468A50AE}
	EndGlobalSection
EndGlobal
